
Microsoft Visual Studio Solution File, Format Version 12.00
# Visual Studio Version 17
VisualStudioVersion = 17.9.34714.143
MinimumVisualStudioVersion = 10.0.40219.1
Project("{FAE04EC0-301F-11D3-BF4B-00C04F79EFBC}") = "innova_project", "innova_project\innova_project.csproj", "{60B58184-F521-4C7C-A43A-A794E81D0F48}"
EndProject
Global
	GlobalSection(SolutionConfigurationPlatforms) = preSolution
		Debug|Any CPU = Debug|Any CPU
		Release|Any CPU = Release|Any CPU
	EndGlobalSection
	GlobalSection(ProjectConfigurationPlatforms) = postSolution
		{60B58184-F521-4C7C-A43A-A794E81D0F48}.Debug|Any CPU.ActiveCfg = Debug|Any CPU
		{60B58184-F521-4C7C-A43A-A794E81D0F48}.Debug|Any CPU.Build.0 = Debug|Any CPU
		{60B58184-F521-4C7C-A43A-A794E81D0F48}.Release|Any CPU.ActiveCfg = Release|Any CPU
		{60B58184-F521-4C7C-A43A-A794E81D0F48}.Release|Any CPU.Build.0 = Release|Any CPU
	EndGlobalSection
	GlobalSection(SolutionProperties) = preSolution
		HideSolutionNode = FALSE
	EndGlobalSection
	GlobalSection(ExtensibilityGlobals) = postSolution
		SolutionGuid = {AADABCD4-7972-484E-AF71-815A128A89F2}
	EndGlobalSection
EndGlobal
